Microsoft Visual Studio Solution File, Format Version 12.00
# Visual Studio Version 17
VisualStudioVersion = 17.0.31903.59
MinimumVisualStudioVersion = 10.0.40219.1
Project("{FAE04EC0-301F-11D3-BF4B-00C04F79EFBC}") = "Sasd.MailClient.Domain", "src\Sasd.MailClient.Domain\Sasd.MailClient.Domain.csproj", "{9C8E13F1-7A86-4FA8-AAB4-2E2E0F7C5011}"
EndProject
Project("{FAE04EC0-301F-11D3-BF4B-00C04F79EFBC}") = "Sasd.MailClient.Application", "src\Sasd.MailClient.Application\Sasd.MailClient.Application.csproj", "{722B7D19-6B72-4F3F-9F17-06B0BBA4D8C7}"
EndProject
Project("{FAE04EC0-301F-11D3-BF4B-00C04F79EFBC}") = "Sasd.MailClient.Infrastructure", "src\Sasd.MailClient.Infrastructure\Sasd.MailClient.Infrastructure.csproj", "{B2F3E78B-3A1B-41B9-AC94-F568AD38E832}"
EndProject
Project("{FAE04EC0-301F-11D3-BF4B-00C04F79EFBC}") = "Sasd.MailClient.Bootstrap.Console", "src\Sasd.MailClient.Bootstrap.Console\Sasd.MailClient.Bootstrap.Console.csproj", "{D3C3502A-A2BF-4B5A-A877-D1B3D173C271}"
EndProject
Project("{FAE04EC0-301F-11D3-BF4B-00C04F79EFBC}") = "Sasd.MailClient.Tests", "tests\Sasd.MailClient.Tests\Sasd.MailClient.Tests.csproj", "{51C171FE-1D84-4B2C-B951-8706A54B91CF}"
EndProject
Global
    GlobalSection(SolutionConfigurationPlatforms) = preSolution
        Debug|Any CPU = Debug|Any CPU
        Release|Any CPU = Release|Any CPU
    EndGlobalSection
    GlobalSection(ProjectConfigurationPlatforms) = postSolution
        {9C8E13F1-7A86-4FA8-AAB4-2E2E0F7C5011}.Debug|Any CPU.ActiveCfg = Debug|Any CPU
        {9C8E13F1-7A86-4FA8-AAB4-2E2E0F7C5011}.Debug|Any CPU.Build.0 = Debug|Any CPU
        {9C8E13F1-7A86-4FA8-AAB4-2E2E0F7C5011}.Release|Any CPU.ActiveCfg = Release|Any CPU
        {9C8E13F1-7A86-4FA8-AAB4-2E2E0F7C5011}.Release|Any CPU.Build.0 = Release|Any CPU
        {722B7D19-6B72-4F3F-9F17-06B0BBA4D8C7}.Debug|Any CPU.ActiveCfg = Debug|Any CPU
        {722B7D19-6B72-4F3F-9F17-06B0BBA4D8C7}.Debug|Any CPU.Build.0 = Debug|Any CPU
        {722B7D19-6B72-4F3F-9F17-06B0BBA4D8C7}.Release|Any CPU.ActiveCfg = Release|Any CPU
        {722B7D19-6B72-4F3F-9F17-06B0BBA4D8C7}.Release|Any CPU.Build.0 = Release|Any CPU
        {B2F3E78B-3A1B-41B9-AC94-F568AD38E832}.Debug|Any CPU.ActiveCfg = Debug|Any CPU
        {B2F3E78B-3A1B-41B9-AC94-F568AD38E832}.Debug|Any CPU.Build.0 = Debug|Any CPU
        {B2F3E78B-3A1B-41B9-AC94-F568AD38E832}.Release|Any CPU.ActiveCfg = Release|Any CPU
        {B2F3E78B-3A1B-41B9-AC94-F568AD38E832}.Release|Any CPU.Build.0 = Release|Any CPU
        {D3C3502A-A2BF-4B5A-A877-D1B3D173C271}.Debug|Any CPU.ActiveCfg = Debug|Any CPU
        {D3C3502A-A2BF-4B5A-A877-D1B3D173C271}.Debug|Any CPU.Build.0 = Debug|Any CPU
        {D3C3502A-A2BF-4B5A-A877-D1B3D173C271}.Release|Any CPU.ActiveCfg = Release|Any CPU
        {D3C3502A-A2BF-4B5A-A877-D1B3D173C271}.Release|Any CPU.Build.0 = Release|Any CPU
        {51C171FE-1D84-4B2C-B951-8706A54B91CF}.Debug|Any CPU.ActiveCfg = Debug|Any CPU
        {51C171FE-1D84-4B2C-B951-8706A54B91CF}.Debug|Any CPU.Build.0 = Debug|Any CPU
        {51C171FE-1D84-4B2C-B951-8706A54B91CF}.Release|Any CPU.ActiveCfg = Release|Any CPU
        {51C171FE-1D84-4B2C-B951-8706A54B91CF}.Release|Any CPU.Build.0 = Release|Any CPU
    EndGlobalSection
    GlobalSection(SolutionProperties) = preSolution
        HideSolutionNode = FALSE
    EndGlobalSection
EndGlobal
